<?xml version="1.0" encoding="utf-8"?>
<Project ToolsVersion="4.0" xmlns="http://schemas.microsoft.com/developer/msbuild/2003">
  <ItemGroup>
    <Filter Include="源文件">
      <UniqueIdentifier>{4FC737F1-C7A5-4376-A066-2A32D752A2FF}</UniqueIdentifier>
      <Extensions>cpp;c;cc;cxx;def;odl;idl;hpj;bat;asm;asmx</Extensions>
    </Filter>
    <Filter Include="头文件">
      <UniqueIdentifier>{93995380-89BD-4b04-88EB-625FBE52EBFB}</UniqueIdentifier>
      <Extensions>h;hh;hpp;hxx;hm;inl;inc;ipp;xsd</Extensions>
    </Filter>
    <Filter Include="资源文件">
      <UniqueIdentifier>{67DA6AB6-F800-4c08-8B7A-83BB121AAD01}</UniqueIdentifier>
      <Extensions>rc;ico;cur;bmp;dlg;rc2;rct;bin;rgs;gif;jpg;jpeg;jpe;resx;tiff;tif;png;wav;mfcribbon-ms</Extensions>
    </Filter>
  </ItemGroup>
  <ItemGroup>
    <ClCompile Include="main.cpp">
      <Filter>源文件</Filter>
    </ClCompile>
    <ClCompile Include="config.cpp">
      <Filter>源文件</Filter>
    </ClCompile>
    <ClCompile Include="XAutoLock.cpp">
      <Filter>源文件</Filter>
    </ClCompile>
    <ClCompile Include="XCritSec.cpp">
      <Filter>源文件</Filter>
    </ClCompile>
    <ClCompile Include="XThreadBase.cpp">
      <Filter>源文件</Filter>
    </ClCompile>
    <ClCompile Include="XUtil.cpp">
      <Filter>源文件</Filter>
    </ClCompile>
    <ClCompile Include="SipRtcMgr.cpp">
      <Filter>源文件</Filter>
    </ClCompile>
    <ClCompile Include="RtcCallToSip.cpp">
      <Filter>源文件</Filter>
    </ClCompile>
    <ClCompile Include="SipRtcStats.cpp">
      <Filter>源文件</Filter>
    </ClCompile>
    <ClCompile Include="Timer10Ms.cpp">
      <Filter>源文件</Filter>
    </ClCompile>
    <ClCompile Include="RtcCall.cpp">
      <Filter>源文件</Filter>
    </ClCompile>
    <ClCompile Include="SipCallToRtc.cpp">
      <Filter>源文件</Filter>
    </ClCompile>
  </ItemGroup>
  <ItemGroup>
    <ClInclude Include="config.h">
      <Filter>头文件</Filter>
    </ClInclude>
    <ClInclude Include="XAutoLock.h">
      <Filter>头文件</Filter>
    </ClInclude>
    <ClInclude Include="XCritSec.h">
      <Filter>头文件</Filter>
    </ClInclude>
    <ClInclude Include="XThreadBase.h">
      <Filter>头文件</Filter>
    </ClInclude>
    <ClInclude Include="XUtil.h">
      <Filter>头文件</Filter>
    </ClInclude>
    <ClInclude Include="SipRtcMgr.h">
      <Filter>头文件</Filter>
    </ClInclude>
    <ClInclude Include="RtcCallToSip.h">
      <Filter>头文件</Filter>
    </ClInclude>
    <ClInclude Include="SipRtcStats.h">
      <Filter>头文件</Filter>
    </ClInclude>
    <ClInclude Include="Timer10Ms.h">
      <Filter>头文件</Filter>
    </ClInclude>
    <ClInclude Include="RtcCall.h">
      <Filter>头文件</Filter>
    </ClInclude>
    <ClInclude Include="SipCallToRtc.h">
      <Filter>头文件</Filter>
    </ClInclude>
  </ItemGroup>
</Project>